
Microsoft Visual Studio Solution File, Format Version 12.00
# Visual Studio Version 17
VisualStudioVersion = 17.0.31903.59
MinimumVisualStudioVersion = 10.0.40219.1
Project("{FAE04EC0-301F-11D3-BF4B-00C04F79EFBC}") = "MyPortfolio.Api", "MyPortfolio.Api\MyPortfolio.Api.csproj", "{747B26F8-A0F9-4DA9-AB62-BF867C95D6DE}"
EndProject
Project("{FAE04EC0-301F-11D3-BF4B-00C04F79EFBC}") = "MyPortfolio.Core", "MyPortfolio.Core\MyPortfolio.Core.csproj", "{C68AD36C-1AE6-4D0E-BC55-124D19C1376E}"
EndProject
Project("{FAE04EC0-301F-11D3-BF4B-00C04F79EFBC}") = "MyPortfolio.Infrastructure", "MyPortfolio.Infrastructure\MyPortfolio.Infrastructure.csproj", "{3F0BE714-E5C9-494F-A02F-D6727FD33997}"
EndProject
Global
	GlobalSection(SolutionConfigurationPlatforms) = preSolution
		Debug|Any CPU = Debug|Any CPU
		Debug|x64 = Debug|x64
		Debug|x86 = Debug|x86
		Release|Any CPU = Release|Any CPU
		Release|x64 = Release|x64
		Release|x86 = Release|x86
	EndGlobalSection
	GlobalSection(ProjectConfigurationPlatforms) = postSolution
		{747B26F8-A0F9-4DA9-AB62-BF867C95D6DE}.Debug|Any CPU.ActiveCfg = Debug|Any CPU
		{747B26F8-A0F9-4DA9-AB62-BF867C95D6DE}.Debug|Any CPU.Build.0 = Debug|Any CPU
		{747B26F8-A0F9-4DA9-AB62-BF867C95D6DE}.Debug|x64.ActiveCfg = Debug|Any CPU
		{747B26F8-A0F9-4DA9-AB62-BF867C95D6DE}.Debug|x64.Build.0 = Debug|Any CPU
		{747B26F8-A0F9-4DA9-AB62-BF867C95D6DE}.Debug|x86.ActiveCfg = Debug|Any CPU
		{747B26F8-A0F9-4DA9-AB62-BF867C95D6DE}.Debug|x86.Build.0 = Debug|Any CPU
		{747B26F8-A0F9-4DA9-AB62-BF867C95D6DE}.Release|Any CPU.ActiveCfg = Release|Any CPU
		{747B26F8-A0F9-4DA9-AB62-BF867C95D6DE}.Release|Any CPU.Build.0 = Release|Any CPU
		{747B26F8-A0F9-4DA9-AB62-BF867C95D6DE}.Release|x64.ActiveCfg = Release|Any CPU
		{747B26F8-A0F9-4DA9-AB62-BF867C95D6DE}.Release|x64.Build.0 = Release|Any CPU
		{747B26F8-A0F9-4DA9-AB62-BF867C95D6DE}.Release|x86.ActiveCfg = Release|Any CPU
		{747B26F8-A0F9-4DA9-AB62-BF867C95D6DE}.Release|x86.Build.0 = Release|Any CPU
		{C68AD36C-1AE6-4D0E-BC55-124D19C1376E}.Debug|Any CPU.ActiveCfg = Debug|Any CPU
		{C68AD36C-1AE6-4D0E-BC55-124D19C1376E}.Debug|Any CPU.Build.0 = Debug|Any CPU
		{C68AD36C-1AE6-4D0E-BC55-124D19C1376E}.Debug|x64.ActiveCfg = Debug|Any CPU
		{C68AD36C-1AE6-4D0E-BC55-124D19C1376E}.Debug|x64.Build.0 = Debug|Any CPU
		{C68AD36C-1AE6-4D0E-BC55-124D19C1376E}.Debug|x86.ActiveCfg = Debug|Any CPU
		{C68AD36C-1AE6-4D0E-BC55-124D19C1376E}.Debug|x86.Build.0 = Debug|Any CPU
		{C68AD36C-1AE6-4D0E-BC55-124D19C1376E}.Release|Any CPU.ActiveCfg = Release|Any CPU
		{C68AD36C-1AE6-4D0E-BC55-124D19C1376E}.Release|Any CPU.Build.0 = Release|Any CPU
		{C68AD36C-1AE6-4D0E-BC55-124D19C1376E}.Release|x64.ActiveCfg = Release|Any CPU
		{C68AD36C-1AE6-4D0E-BC55-124D19C1376E}.Release|x64.Build.0 = Release|Any CPU
		{C68AD36C-1AE6-4D0E-BC55-124D19C1376E}.Release|x86.ActiveCfg = Release|Any CPU
		{C68AD36C-1AE6-4D0E-BC55-124D19C1376E}.Release|x86.Build.0 = Release|Any CPU
		{3F0BE714-E5C9-494F-A02F-D6727FD33997}.Debug|Any CPU.ActiveCfg = Debug|Any CPU
		{3F0BE714-E5C9-494F-A02F-D6727FD33997}.Debug|Any CPU.Build.0 = Debug|Any CPU
		{3F0BE714-E5C9-494F-A02F-D6727FD33997}.Debug|x64.ActiveCfg = Debug|Any CPU
		{3F0BE714-E5C9-494F-A02F-D6727FD33997}.Debug|x64.Build.0 = Debug|Any CPU
		{3F0BE714-E5C9-494F-A02F-D6727FD33997}.Debug|x86.ActiveCfg = Debug|Any CPU
		{3F0BE714-E5C9-494F-A02F-D6727FD33997}.Debug|x86.Build.0 = Debug|Any CPU
		{3F0BE714-E5C9-494F-A02F-D6727FD33997}.Release|Any CPU.ActiveCfg = Release|Any CPU
		{3F0BE714-E5C9-494F-A02F-D6727FD33997}.Release|Any CPU.Build.0 = Release|Any CPU
		{3F0BE714-E5C9-494F-A02F-D6727FD33997}.Release|x64.ActiveCfg = Release|Any CPU
		{3F0BE714-E5C9-494F-A02F-D6727FD33997}.Release|x64.Build.0 = Release|Any CPU
		{3F0BE714-E5C9-494F-A02F-D6727FD33997}.Release|x86.ActiveCfg = Release|Any CPU
		{3F0BE714-E5C9-494F-A02F-D6727FD33997}.Release|x86.Build.0 = Release|Any CPU
	EndGlobalSection
	GlobalSection(SolutionProperties) = preSolution
		HideSolutionNode = FALSE
	EndGlobalSection
EndGlobal
